
Microsoft Visual Studio Solution File, Format Version 12.00
Project("{FAE04EC0-301F-11D3-BF4B-00C04F79EFBC}") = "IntegrationTests", "IntegrationTests\IntegrationTests.csproj", "{687E62F7-DB7E-4CC4-9FD1-2D1358207701}"
EndProject
Project("{FAE04EC0-301F-11D3-BF4B-00C04F79EFBC}") = "UnitTests", "UnitTests\UnitTests.csproj", "{6B6CCDEA-88B7-4EA7-9FC7-C8966F372BC0}"
EndProject
Project("{2150E333-8FDC-42A3-9474-1A3956D46DE8}") = "Tests", "Tests", "{D3261442-4EF7-48A4-923C-FA93C0163F12}"
EndProject
Project("{2150E333-8FDC-42A3-9474-1A3956D46DE8}") = "Src", "Src", "{5023B3B4-44C6-4B35-8E8C-DD881B242CB0}"
EndProject
Project("{2150E333-8FDC-42A3-9474-1A3956D46DE8}") = "Core", "Core", "{6CA8C1C7-F2D4-4338-9277-31BCEBA4B20A}"
EndProject
Project("{2150E333-8FDC-42A3-9474-1A3956D46DE8}") = "Infrastructure", "Infrastructure", "{D1F1AC8C-A13A-4259-9436-810D9B47B5DE}"
EndProject
Project("{2150E333-8FDC-42A3-9474-1A3956D46DE8}") = "Presentation", "Presentation", "{FEB973AD-8E99-4569-B628-77F0BEE18AA9}"
EndProject
Project("{FAE04EC0-301F-11D3-BF4B-00C04F79EFBC}") = "Domain", "Domain\Domain.csproj", "{CADF74E1-038D-45A7-8D08-3D9E0D966748}"
EndProject
Project("{FAE04EC0-301F-11D3-BF4B-00C04F79EFBC}") = "Application", "Application\Application.csproj", "{B87A1AF2-089C-46A8-8ADF-E742B37F62FF}"
EndProject
Project("{FAE04EC0-301F-11D3-BF4B-00C04F79EFBC}") = "Infrastructure", "Infrastructure\Infrastructure.csproj", "{1B571CEF-0749-48C2-9891-829D6C850299}"
EndProject
Project("{FAE04EC0-301F-11D3-BF4B-00C04F79EFBC}") = "Persistence", "Persistence\Persistence.csproj", "{141751FB-BA89-4250-8C30-C8A7E02BD2D3}"
EndProject
Project("{FAE04EC0-301F-11D3-BF4B-00C04F79EFBC}") = "API", "API\API.csproj", "{68515A88-524C-4698-A30B-0B78E3CFD62E}"
EndProject
Global
	GlobalSection(SolutionConfigurationPlatforms) = preSolution
		Debug|Any CPU = Debug|Any CPU
		Release|Any CPU = Release|Any CPU
	EndGlobalSection
	GlobalSection(ProjectConfigurationPlatforms) = postSolution
		{687E62F7-DB7E-4CC4-9FD1-2D1358207701}.Debug|Any CPU.ActiveCfg = Debug|Any CPU
		{687E62F7-DB7E-4CC4-9FD1-2D1358207701}.Debug|Any CPU.Build.0 = Debug|Any CPU
		{687E62F7-DB7E-4CC4-9FD1-2D1358207701}.Release|Any CPU.ActiveCfg = Release|Any CPU
		{687E62F7-DB7E-4CC4-9FD1-2D1358207701}.Release|Any CPU.Build.0 = Release|Any CPU
		{6B6CCDEA-88B7-4EA7-9FC7-C8966F372BC0}.Debug|Any CPU.ActiveCfg = Debug|Any CPU
		{6B6CCDEA-88B7-4EA7-9FC7-C8966F372BC0}.Debug|Any CPU.Build.0 = Debug|Any CPU
		{6B6CCDEA-88B7-4EA7-9FC7-C8966F372BC0}.Release|Any CPU.ActiveCfg = Release|Any CPU
		{6B6CCDEA-88B7-4EA7-9FC7-C8966F372BC0}.Release|Any CPU.Build.0 = Release|Any CPU
		{CADF74E1-038D-45A7-8D08-3D9E0D966748}.Debug|Any CPU.ActiveCfg = Debug|Any CPU
		{CADF74E1-038D-45A7-8D08-3D9E0D966748}.Debug|Any CPU.Build.0 = Debug|Any CPU
		{CADF74E1-038D-45A7-8D08-3D9E0D966748}.Release|Any CPU.ActiveCfg = Release|Any CPU
		{CADF74E1-038D-45A7-8D08-3D9E0D966748}.Release|Any CPU.Build.0 = Release|Any CPU
		{B87A1AF2-089C-46A8-8ADF-E742B37F62FF}.Debug|Any CPU.ActiveCfg = Debug|Any CPU
		{B87A1AF2-089C-46A8-8ADF-E742B37F62FF}.Debug|Any CPU.Build.0 = Debug|Any CPU
		{B87A1AF2-089C-46A8-8ADF-E742B37F62FF}.Release|Any CPU.ActiveCfg = Release|Any CPU
		{B87A1AF2-089C-46A8-8ADF-E742B37F62FF}.Release|Any CPU.Build.0 = Release|Any CPU
		{1B571CEF-0749-48C2-9891-829D6C850299}.Debug|Any CPU.ActiveCfg = Debug|Any CPU
		{1B571CEF-0749-48C2-9891-829D6C850299}.Debug|Any CPU.Build.0 = Debug|Any CPU
		{1B571CEF-0749-48C2-9891-829D6C850299}.Release|Any CPU.ActiveCfg = Release|Any CPU
		{1B571CEF-0749-48C2-9891-829D6C850299}.Release|Any CPU.Build.0 = Release|Any CPU
		{141751FB-BA89-4250-8C30-C8A7E02BD2D3}.Debug|Any CPU.ActiveCfg = Debug|Any CPU
		{141751FB-BA89-4250-8C30-C8A7E02BD2D3}.Debug|Any CPU.Build.0 = Debug|Any CPU
		{141751FB-BA89-4250-8C30-C8A7E02BD2D3}.Release|Any CPU.ActiveCfg = Release|Any CPU
		{141751FB-BA89-4250-8C30-C8A7E02BD2D3}.Release|Any CPU.Build.0 = Release|Any CPU
		{68515A88-524C-4698-A30B-0B78E3CFD62E}.Debug|Any CPU.ActiveCfg = Debug|Any CPU
		{68515A88-524C-4698-A30B-0B78E3CFD62E}.Debug|Any CPU.Build.0 = Debug|Any CPU
		{68515A88-524C-4698-A30B-0B78E3CFD62E}.Release|Any CPU.ActiveCfg = Release|Any CPU
		{68515A88-524C-4698-A30B-0B78E3CFD62E}.Release|Any CPU.Build.0 = Release|Any CPU
	EndGlobalSection
	GlobalSection(NestedProjects) = preSolution
		{687E62F7-DB7E-4CC4-9FD1-2D1358207701} = {D3261442-4EF7-48A4-923C-FA93C0163F12}
		{6B6CCDEA-88B7-4EA7-9FC7-C8966F372BC0} = {D3261442-4EF7-48A4-923C-FA93C0163F12}
		{6CA8C1C7-F2D4-4338-9277-31BCEBA4B20A} = {5023B3B4-44C6-4B35-8E8C-DD881B242CB0}
		{D1F1AC8C-A13A-4259-9436-810D9B47B5DE} = {5023B3B4-44C6-4B35-8E8C-DD881B242CB0}
		{FEB973AD-8E99-4569-B628-77F0BEE18AA9} = {5023B3B4-44C6-4B35-8E8C-DD881B242CB0}
		{CADF74E1-038D-45A7-8D08-3D9E0D966748} = {6CA8C1C7-F2D4-4338-9277-31BCEBA4B20A}
		{B87A1AF2-089C-46A8-8ADF-E742B37F62FF} = {6CA8C1C7-F2D4-4338-9277-31BCEBA4B20A}
		{1B571CEF-0749-48C2-9891-829D6C850299} = {D1F1AC8C-A13A-4259-9436-810D9B47B5DE}
		{141751FB-BA89-4250-8C30-C8A7E02BD2D3} = {D1F1AC8C-A13A-4259-9436-810D9B47B5DE}
		{68515A88-524C-4698-A30B-0B78E3CFD62E} = {FEB973AD-8E99-4569-B628-77F0BEE18AA9}
	EndGlobalSection
EndGlobal
